
Microsoft Visual Studio Solution File, Format Version 12.00
# Visual Studio Version 17
VisualStudioVersion = 17.6.33815.320
MinimumVisualStudioVersion = 10.0.40219.1
Project("{FAE04EC0-301F-11D3-BF4B-00C04F79EFBC}") = "RedConsumingHemogenics", "RedConsumingHemogenics.csproj", "{181AD50E-D4E2-4B50-BC35-AB3742564B95}"
EndProject
Global
	GlobalSection(SolutionConfigurationPlatforms) = preSolution
		Debug|Any CPU = Debug|Any CPU
		Release|Any CPU = Release|Any CPU
	EndGlobalSection
	GlobalSection(ProjectConfigurationPlatforms) = postSolution
		{181AD50E-D4E2-4B50-BC35-AB3742564B95}.Debug|Any CPU.ActiveCfg = Debug|Any CPU
		{181AD50E-D4E2-4B50-BC35-AB3742564B95}.Debug|Any CPU.Build.0 = Debug|Any CPU
		{181AD50E-D4E2-4B50-BC35-AB3742564B95}.Release|Any CPU.ActiveCfg = Release|Any CPU
		{181AD50E-D4E2-4B50-BC35-AB3742564B95}.Release|Any CPU.Build.0 = Release|Any CPU
	EndGlobalSection
	GlobalSection(SolutionProperties) = preSolution
		HideSolutionNode = FALSE
	EndGlobalSection
	GlobalSection(ExtensibilityGlobals) = postSolution
		SolutionGuid = {6A6E655B-FE68-4318-9A1D-AAEDC86012C6}
	EndGlobalSection
EndGlobal
